// !$*UTF8*$!
{
	archiveVersion = 1;
	classes = {
	};
	objectVersion = 46;
	objects = {

/* Begin PBXBuildFile section */
		A37244571B430AF7002E3E5D /* main.m in Sources */ = {isa = PBXBuildFile; fileRef = A37244561B430AF7002E3E5D /* main.m */; };
		A372445A1B430AF7002E3E5D /* AppDelegate.m in Sources */ = {isa = PBXBuildFile; fileRef = A37244591B430AF7002E3E5D /* AppDelegate.m */; };
		A37244621B430AF7002E3E5D /* Images.xcassets in Resources */ = {isa = PBXBuildFile; fileRef = A37244611B430AF7002E3E5D /* Images.xcassets */; };
		A37244651B430AF7002E3E5D /* LaunchScreen.xib in Resources */ = {isa = PBXBuildFile; fileRef = A37244631B430AF7002E3E5D /* LaunchScreen.xib */; };
		A37244711B430AF8002E3E5D /* _1____YCCTests.m in Sources */ = {isa = PBXBuildFile; fileRef = A37244701B430AF8002E3E5D /* _1____YCCTests.m */; };
		A372447E1B430C94002E3E5D /* News.storyboard in Resources */ = {isa = PBXBuildFile; fileRef = A372447D1B430C94002E3E5D /* News.storyboard */; };
		A37244811B430CCD002E3E5D /* NewsTableViewController.m in Sources */ = {isa = PBXBuildFile; fileRef = A37244801B430CCD002E3E5D /* NewsTableViewController.m */; };
		A39C9A731B45851B00BFA631 /* NewsCell.m in Sources */ = {isa = PBXBuildFile; fileRef = A39C9A721B45851B00BFA631 /* NewsCell.m */; };
		A3B6712E1B443C7400A8EED8 /* NSArray+Log.m in Sources */ = {isa = PBXBuildFile; fileRef = A3B6712D1B443C7400A8EED8 /* NSArray+Log.m */; };
		A3CE40CF1B441C5D003E1A1F /* NetworkTools.m in Sources */ = {isa = PBXBuildFile; fileRef = A3CE40CE1B441C5D003E1A1F /* NetworkTools.m */; };
		A3CE40D21B442B04003E1A1F /* News.m in Sources */ = {isa = PBXBuildFile; fileRef = A3CE40D11B442B04003E1A1F /* News.m */; };
		FEDB3E546028F6340F782E06 /* libPods.a in Frameworks */ = {isa = PBXBuildFile; fileRef = 9F7732268CE57F1679623D3F /* libPods.a */; };
/* End PBXBuildFile section */

/* Begin PBXContainerItemProxy section */
		A372446B1B430AF8002E3E5D /* PBXContainerItemProxy */ = {
			isa = PBXContainerItemProxy;
			containerPortal = A37244491B430AF7002E3E5D /* Project object */;
			proxyType = 1;
			remoteGlobalIDString = A37244501B430AF7002E3E5D;
			remoteInfo = "01-新闻-YCC";
		};
/* End PBXContainerItemProxy section */

/* Begin PBXFileReference section */
		9F7732268CE57F1679623D3F /* libPods.a */ = {isa = PBXFileReference; explicitFileType = archive.ar; includeInIndex = 0; path = libPods.a; sourceTree = BUILT_PRODUCTS_DIR; };
		A37244511B430AF7002E3E5D /* 01-新闻-YCC.app */ = {isa = PBXFileReference; explicitFileType = wrapper.application; includeInIndex = 0; path = "01-新闻-YCC.app"; sourceTree = BUILT_PRODUCTS_DIR; };
		A37244551B430AF7002E3E5D /* Info.plist */ = {isa = PBXFileReference; lastKnownFileType = text.plist.xml; path = Info.plist; sourceTree = "<group>"; };
		A37244561B430AF7002E3E5D /* main.m */ = {isa = PBXFileReference; lastKnownFileType = sourcecode.c.objc; path = main.m; sourceTree = "<group>"; };
		A37244581B430AF7002E3E5D /* AppDelegate.h */ = {isa = PBXFileReference; lastKnownFileType = sourcecode.c.h; path = AppDelegate.h; sourceTree = "<group>"; };
		A37244591B430AF7002E3E5D /* AppDelegate.m */ = {isa = PBXFileReference; lastKnownFileType = sourcecode.c.objc; path = AppDelegate.m; sourceTree = "<group>"; };
		A37244611B430AF7002E3E5D /* Images.xcassets */ = {isa = PBXFileReference; lastKnownFileType = folder.assetcatalog; path = Images.xcassets; sourceTree = "<group>"; };
		A37244641B430AF7002E3E5D /* Base */ = {isa = PBXFileReference; lastKnownFileType = file.xib; name = Base; path = Base.lproj/LaunchScreen.xib; sourceTree = "<group>"; };
		A372446A1B430AF8002E3E5D /* 01-新闻-YCCTests.xctest */ = {isa = PBXFileReference; explicitFileType = wrapper.cfbundle; includeInIndex = 0; path = "01-新闻-YCCTests.xctest"; sourceTree = BUILT_PRODUCTS_DIR; };
		A372446F1B430AF8002E3E5D /* Info.plist */ = {isa = PBXFileReference; lastKnownFileType = text.plist.xml; path = Info.plist; sourceTree = "<group>"; };
		A37244701B430AF8002E3E5D /* _1____YCCTests.m */ = {isa = PBXFileReference; lastKnownFileType = sourcecode.c.objc; path = "_1____YCCTests.m"; sourceTree = "<group>"; };
		A372447D1B430C94002E3E5D /* News.storyboard */ = {isa = PBXFileReference; fileEncoding = 4; lastKnownFileType = file.storyboard; path = News.storyboard; sourceTree = "<group>"; };
		A372447F1B430CCD002E3E5D /* NewsTableViewController.h */ = {isa = PBXFileReference; fileEncoding = 4; lastKnownFileType = sourcecode.c.h; path = NewsTableViewController.h; sourceTree = "<group>"; };
		A37244801B430CCD002E3E5D /* NewsTableViewController.m */ = {isa = PBXFileReference; fileEncoding = 4; lastKnownFileType = sourcecode.c.objc; path = NewsTableViewController.m; sourceTree = "<group>"; };
		A39C9A711B45851B00BFA631 /* NewsCell.h */ = {isa = PBXFileReference; fileEncoding = 4; lastKnownFileType = sourcecode.c.h; path = NewsCell.h; sourceTree = "<group>"; };
		A39C9A721B45851B00BFA631 /* NewsCell.m */ = {isa = PBXFileReference; fileEncoding = 4; lastKnownFileType = sourcecode.c.objc; path = NewsCell.m; sourceTree = "<group>"; };
		A3B6712C1B443C7400A8EED8 /* NSArray+Log.h */ = {isa = PBXFileReference; fileEncoding = 4; lastKnownFileType = sourcecode.c.h; path = "NSArray+Log.h"; sourceTree = "<group>"; };
		A3B6712D1B443C7400A8EED8 /* NSArray+Log.m */ = {isa = PBXFileReference; fileEncoding = 4; lastKnownFileType = sourcecode.c.objc; path = "NSArray+Log.m"; sourceTree = "<group>"; };
		A3CE40CD1B441C5D003E1A1F /* NetworkTools.h */ = {isa = PBXFileReference; fileEncoding = 4; lastKnownFileType = sourcecode.c.h; path = NetworkTools.h; sourceTree = "<group>"; };
		A3CE40CE1B441C5D003E1A1F /* NetworkTools.m */ = {isa = PBXFileReference; fileEncoding = 4; lastKnownFileType = sourcecode.c.objc; path = NetworkTools.m; sourceTree = "<group>"; };
		A3CE40D01B442B04003E1A1F /* News.h */ = {isa = PBXFileReference; fileEncoding = 4; lastKnownFileType = sourcecode.c.h; path = News.h; sourceTree = "<group>"; };
		A3CE40D11B442B04003E1A1F /* News.m */ = {isa = PBXFileReference; fileEncoding = 4; lastKnownFileType = sourcecode.c.objc; path = News.m; sourceTree = "<group>"; };
		AC81F38B8846870FD3EE2110 /* Pods.release.xcconfig */ = {isa = PBXFileReference; includeInIndex = 1; lastKnownFileType = text.xcconfig; name = Pods.release.xcconfig; path = "Pods/Target Support Files/Pods/Pods.release.xcconfig"; sourceTree = "<group>"; };
		F0C4A98E07ADC7C87FEDBD20 /* Pods.debug.xcconfig */ = {isa = PBXFileReference; includeInIndex = 1; lastKnownFileType = text.xcconfig; name = Pods.debug.xcconfig; path = "Pods/Target Support Files/Pods/Pods.debug.xcconfig"; sourceTree = "<group>"; };
/* End PBXFileReference section */

/* Begin PBXFrameworksBuildPhase section */
		A372444E1B430AF7002E3E5D /* Frameworks */ = {
			isa = PBXFrameworksBuildPhase;
			buildActionMask = 2147483647;
			files = (
				FEDB3E546028F6340F782E06 /* libPods.a in Frameworks */,
			);
			runOnlyForDeploymentPostprocessing = 0;
		};
		A37244671B430AF8002E3E5D /* Frameworks */ = {
			isa = PBXFrameworksBuildPhase;
			buildActionMask = 2147483647;
			files = (
			);
			runOnlyForDeploymentPostprocessing = 0;
		};
/* End PBXFrameworksBuildPhase section */

/* Begin PBXGroup section */
		091AAA322E4727A5C4D7B08B /* Pods */ = {
			isa = PBXGroup;
			children = (
				F0C4A98E07ADC7C87FEDBD20 /* Pods.debug.xcconfig */,
				AC81F38B8846870FD3EE2110 /* Pods.release.xcconfig */,
			);
			name = Pods;
			sourceTree = "<group>";
		};
		A37244481B430AF7002E3E5D = {
			isa = PBXGroup;
			children = (
				A37244531B430AF7002E3E5D /* 01-新闻-YCC */,
				A372446D1B430AF8002E3E5D /* 01-新闻-YCCTests */,
				A37244521B430AF7002E3E5D /* Products */,
				091AAA322E4727A5C4D7B08B /* Pods */,
				C4C7B0DF3846DB93804BADA2 /* Frameworks */,
			);
			sourceTree = "<group>";
		};
		A37244521B430AF7002E3E5D /* Products */ = {
			isa = PBXGroup;
			children = (
				A37244511B430AF7002E3E5D /* 01-新闻-YCC.app */,
				A372446A1B430AF8002E3E5D /* 01-新闻-YCCTests.xctest */,
			);
			name = Products;
			sourceTree = "<group>";
		};
		A37244531B430AF7002E3E5D /* 01-新闻-YCC */ = {
			isa = PBXGroup;
			children = (
				A372447A1B430C59002E3E5D /* Classes */,
				A37244581B430AF7002E3E5D /* AppDelegate.h */,
				A37244591B430AF7002E3E5D /* AppDelegate.m */,
				A37244611B430AF7002E3E5D /* Images.xcassets */,
				A37244631B430AF7002E3E5D /* LaunchScreen.xib */,
				A37244541B430AF7002E3E5D /* Supporting Files */,
			);
			path = "01-新闻-YCC";
			sourceTree = "<group>";
		};
		A37244541B430AF7002E3E5D /* Supporting Files */ = {
			isa = PBXGroup;
			children = (
				A37244551B430AF7002E3E5D /* Info.plist */,
				A37244561B430AF7002E3E5D /* main.m */,
			);
			name = "Supporting Files";
			sourceTree = "<group>";
		};
		A372446D1B430AF8002E3E5D /* 01-新闻-YCCTests */ = {
			isa = PBXGroup;
			children = (
				A37244701B430AF8002E3E5D /* _1____YCCTests.m */,
				A372446E1B430AF8002E3E5D /* Supporting Files */,
			);
			path = "01-新闻-YCCTests";
			sourceTree = "<group>";
		};
		A372446E1B430AF8002E3E5D /* Supporting Files */ = {
			isa = PBXGroup;
			children = (
				A372446F1B430AF8002E3E5D /* Info.plist */,
			);
			name = "Supporting Files";
			sourceTree = "<group>";
		};
		A372447A1B430C59002E3E5D /* Classes */ = {
			isa = PBXGroup;
			children = (
				A372447B1B430C59002E3E5D /* News */,
				A372447C1B430C59002E3E5D /* Tools */,
			);
			path = Classes;
			sourceTree = "<group>";
		};
		A372447B1B430C59002E3E5D /* News */ = {
			isa = PBXGroup;
			children = (
				A372447D1B430C94002E3E5D /* News.storyboard */,
				A372447F1B430CCD002E3E5D /* NewsTableViewController.h */,
				A37244801B430CCD002E3E5D /* NewsTableViewController.m */,
				A3CE40D01B442B04003E1A1F /* News.h */,
				A3CE40D11B442B04003E1A1F /* News.m */,
				A39C9A711B45851B00BFA631 /* NewsCell.h */,
				A39C9A721B45851B00BFA631 /* NewsCell.m */,
			);
			path = News;
			sourceTree = "<group>";
		};
		A372447C1B430C59002E3E5D /* Tools */ = {
			isa = PBXGroup;
			children = (
				A3B6712B1B443C7400A8EED8 /* Log */,
				A3CE40CD1B441C5D003E1A1F /* NetworkTools.h */,
				A3CE40CE1B441C5D003E1A1F /* NetworkTools.m */,
			);
			path = Tools;
			sourceTree = "<group>";
		};
		A3B6712B1B443C7400A8EED8 /* Log */ = {
			isa = PBXGroup;
			children = (
				A3B6712C1B443C7400A8EED8 /* NSArray+Log.h */,
				A3B6712D1B443C7400A8EED8 /* NSArray+Log.m */,
			);
			path = Log;
			sourceTree = "<group>";
		};
		C4C7B0DF3846DB93804BADA2 /* Frameworks */ = {
			isa = PBXGroup;
			children = (
				9F7732268CE57F1679623D3F /* libPods.a */,
			);
			name = Frameworks;
			sourceTree = "<group>";
		};
/* End PBXGroup section */

/* Begin PBXNativeTarget section */
		A37244501B430AF7002E3E5D /* 01-新闻-YCC */ = {
			isa = PBXNativeTarget;
			buildConfigurationList = A37244741B430AF8002E3E5D /* Build configuration list for PBXNativeTarget "01-新闻-YCC" */;
			buildPhases = (
				9499D76DBA7B2D4D32E241F9 /* Check Pods Manifest.lock */,
				A372444D1B430AF7002E3E5D /* Sources */,
				A372444E1B430AF7002E3E5D /* Frameworks */,
				A372444F1B430AF7002E3E5D /* Resources */,
				0DD27E0149EA2DF9DECB82C5 /* Copy Pods Resources */,
			);
			buildRules = (
			);
			dependencies = (
			);
			name = "01-新闻-YCC";
			productName = "01-新闻-YCC";
			productReference = A37244511B430AF7002E3E5D /* 01-新闻-YCC.app */;
			productType = "com.apple.product-type.application";
		};
		A37244691B430AF8002E3E5D /* 01-新闻-YCCTests */ = {
			isa = PBXNativeTarget;
			buildConfigurationList = A37244771B430AF8002E3E5D /* Build configuration list for PBXNativeTarget "01-新闻-YCCTests" */;
			buildPhases = (
				A37244661B430AF8002E3E5D /* Sources */,
				A37244671B430AF8002E3E5D /* Frameworks */,
				A37244681B430AF8002E3E5D /* Resources */,
			);
			buildRules = (
			);
			dependencies = (
				A372446C1B430AF8002E3E5D /* PBXTargetDependency */,
			);
			name = "01-新闻-YCCTests";
			productName = "01-新闻-YCCTests";
			productReference = A372446A1B430AF8002E3E5D /* 01-新闻-YCCTests.xctest */;
			productType = "com.apple.product-type.bundle.unit-test";
		};
/* End PBXNativeTarget section */

/* Begin PBXProject section */
		A37244491B430AF7002E3E5D /* Project object */ = {
			isa = PBXProject;
			attributes = {
				LastUpgradeCheck = 0610;
				ORGANIZATIONNAME = sunny;
				TargetAttributes = {
					A37244501B430AF7002E3E5D = {
						CreatedOnToolsVersion = 6.1;
					};
					A37244691B430AF8002E3E5D = {
						CreatedOnToolsVersion = 6.1;
						TestTargetID = A37244501B430AF7002E3E5D;
					};
				};
			};
			buildConfigurationList = A372444C1B430AF7002E3E5D /* Build configuration list for PBXProject "01-新闻-YCC" */;
			compatibilityVersion = "Xcode 3.2";
			developmentRegion = English;
			hasScannedForEncodings = 0;
			knownRegions = (
				en,
				Base,
			);
			mainGroup = A37244481B430AF7002E3E5D;
			productRefGroup = A37244521B430AF7002E3E5D /* Products */;
			projectDirPath = "";
			projectRoot = "";
			targets = (
				A37244501B430AF7002E3E5D /* 01-新闻-YCC */,
				A37244691B430AF8002E3E5D /* 01-新闻-YCCTests */,
			);
		};
/* End PBXProject section */

/* Begin PBXResourcesBuildPhase section */
		A372444F1B430AF7002E3E5D /* Resources */ = {
			isa = PBXResourcesBuildPhase;
			buildActionMask = 2147483647;
			files = (
				A37244651B430AF7002E3E5D /* LaunchScreen.xib in Resources */,
				A372447E1B430C94002E3E5D /* News.storyboard in Resources */,
				A37244621B430AF7002E3E5D /* Images.xcassets in Resources */,
			);
			runOnlyForDeploymentPostprocessing = 0;
		};
		A37244681B430AF8002E3E5D /* Resources */ = {
			isa = PBXResourcesBuildPhase;
			buildActionMask = 2147483647;
			files = (
			);
			runOnlyForDeploymentPostprocessing = 0;
		};
/* End PBXResourcesBuildPhase section */

/* Begin PBXShellScriptBuildPhase section */
		0DD27E0149EA2DF9DECB82C5 /* Copy Pods Resources */ = {
			isa = PBXShellScriptBuildPhase;
			buildActionMask = 2147483647;
			files = (
			);
			inputPaths = (
			);
			name = "Copy Pods Resources";
			outputPaths = (
			);
			runOnlyForDeploymentPostprocessing = 0;
			shellPath = /bin/sh;
			shellScript = "\"${SRCROOT}/Pods/Target Support Files/Pods/Pods-resources.sh\"\n";
			showEnvVarsInLog = 0;
		};
		9499D76DBA7B2D4D32E241F9 /* Check Pods Manifest.lock */ = {
			isa = PBXShellScriptBuildPhase;
			buildActionMask = 2147483647;
			files = (
			);
			inputPaths = (
			);
			name = "Check Pods Manifest.lock";
			outputPaths = (
			);
			runOnlyForDeploymentPostprocessing = 0;
			shellPath = /bin/sh;
			shellScript = "diff \"${PODS_ROOT}/../Podfile.lock\" \"${PODS_ROOT}/Manifest.lock\" > /dev/null\nif [[ $? != 0 ]] ; then\n    cat << EOM\nerror: The sandbox is not in sync with the Podfile.lock. Run 'pod install' or update your CocoaPods installation.\nEOM\n    exit 1\nfi\n";
			showEnvVarsInLog = 0;
		};
/* End PBXShellScriptBuildPhase section */

/* Begin PBXSourcesBuildPhase section */
		A372444D1B430AF7002E3E5D /* Sources */ = {
			isa = PBXSourcesBuildPhase;
			buildActionMask = 2147483647;
			files = (
				A3CE40D21B442B04003E1A1F /* News.m in Sources */,
				A3CE40CF1B441C5D003E1A1F /* NetworkTools.m in Sources */,
				A37244811B430CCD002E3E5D /* NewsTableViewController.m in Sources */,
				A39C9A731B45851B00BFA631 /* NewsCell.m in Sources */,
				A3B6712E1B443C7400A8EED8 /* NSArray+Log.m in Sources */,
				A372445A1B430AF7002E3E5D /* AppDelegate.m in Sources */,
				A37244571B430AF7002E3E5D /* main.m in Sources */,
			);
			runOnlyForDeploymentPostprocessing = 0;
		};
		A37244661B430AF8002E3E5D /* Sources */ = {
			isa = PBXSourcesBuildPhase;
			buildActionMask = 2147483647;
			files = (
				A37244711B430AF8002E3E5D /* _1____YCCTests.m in Sources */,
			);
			runOnlyForDeploymentPostprocessing = 0;
		};
/* End PBXSourcesBuildPhase section */

/* Begin PBXTargetDependency section */
		A372446C1B430AF8002E3E5D /* PBXTargetDependency */ = {
			isa = PBXTargetDependency;
			target = A37244501B430AF7002E3E5D /* 01-新闻-YCC */;
			targetProxy = A372446B1B430AF8002E3E5D /* PBXContainerItemProxy */;
		};
/* End PBXTargetDependency section */

/* Begin PBXVariantGroup section */
		A37244631B430AF7002E3E5D /* LaunchScreen.xib */ = {
			isa = PBXVariantGroup;
			children = (
				A37244641B430AF7002E3E5D /* Base */,
			);
			name = LaunchScreen.xib;
			sourceTree = "<group>";
		};
/* End PBXVariantGroup section */

/* Begin XCBuildConfiguration section */
		A37244721B430AF8002E3E5D /* Debug */ = {
			isa = XCBuildConfiguration;
			buildSettings = {
				ALWAYS_SEARCH_USER_PATHS = NO;
				CLANG_CXX_LANGUAGE_STANDARD = "gnu++0x";
				CLANG_CXX_LIBRARY = "libc++";
				CLANG_ENABLE_MODULES = YES;
				CLANG_ENABLE_OBJC_ARC = YES;
				CLANG_WARN_BOOL_CONVERSION = YES;
				CLANG_WARN_CONSTANT_CONVERSION = YES;
				CLANG_WARN_DIRECT_OBJC_ISA_USAGE = YES_ERROR;
				CLANG_WARN_EMPTY_BODY = YES;
				CLANG_WARN_ENUM_CONVERSION = YES;
				CLANG_WARN_INT_CONVERSION = YES;
				CLANG_WARN_OBJC_ROOT_CLASS = YES_ERROR;
				CLANG_WARN_UNREACHABLE_CODE = YES;
				CLANG_WARN__DUPLICATE_METHOD_MATCH = YES;
				"CODE_SIGN_IDENTITY[sdk=iphoneos*]" = "iPhone Developer";
				COPY_PHASE_STRIP = NO;
				ENABLE_STRICT_OBJC_MSGSEND = YES;
				GCC_C_LANGUAGE_STANDARD = gnu99;
				GCC_DYNAMIC_NO_PIC = NO;
				GCC_OPTIMIZATION_LEVEL = 0;
				GCC_PREPROCESSOR_DEFINITIONS = (
					"DEBUG=1",
					"$(inherited)",
				);
				GCC_SYMBOLS_PRIVATE_EXTERN = NO;
				GCC_WARN_64_TO_32_BIT_CONVERSION = YES;
				GCC_WARN_ABOUT_RETURN_TYPE = YES_ERROR;
				GCC_WARN_UNDECLARED_SELECTOR = YES;
				GCC_WARN_UNINITIALIZED_AUTOS = YES_AGGRESSIVE;
				GCC_WARN_UNUSED_FUNCTION = YES;
				GCC_WARN_UNUSED_VARIABLE = YES;
				IPHONEOS_DEPLOYMENT_TARGET = 8.1;
				MTL_ENABLE_DEBUG_INFO = YES;
				ONLY_ACTIVE_ARCH = YES;
				SDKROOT = iphoneos;
			};
			name = Debug;
		};
		A37244731B430AF8002E3E5D /* Release */ = {
			isa = XCBuildConfiguration;
			buildSettings = {
				ALWAYS_SEARCH_USER_PATHS = NO;
				CLANG_CXX_LANGUAGE_STANDARD = "gnu++0x";
				CLANG_CXX_LIBRARY = "libc++";
				CLANG_ENABLE_MODULES = YES;
				CLANG_ENABLE_OBJC_ARC = YES;
				CLANG_WARN_BOOL_CONVERSION = YES;
				CLANG_WARN_CONSTANT_CONVERSION = YES;
				CLANG_WARN_DIRECT_OBJC_ISA_USAGE = YES_ERROR;
				CLANG_WARN_EMPTY_BODY = YES;
				CLANG_WARN_ENUM_CONVERSION = YES;
				CLANG_WARN_INT_CONVERSION = YES;
				CLANG_WARN_OBJC_ROOT_CLASS = YES_ERROR;
				CLANG_WARN_UNREACHABLE_CODE = YES;
				CLANG_WARN__DUPLICATE_METHOD_MATCH = YES;
				"CODE_SIGN_IDENTITY[sdk=iphoneos*]" = "iPhone Developer";
				COPY_PHASE_STRIP = YES;
				ENABLE_NS_ASSERTIONS = NO;
				ENABLE_STRICT_OBJC_MSGSEND = YES;
				GCC_C_LANGUAGE_STANDARD = gnu99;
				GCC_WARN_64_TO_32_BIT_CONVERSION = YES;
				GCC_WARN_ABOUT_RETURN_TYPE = YES_ERROR;
				GCC_WARN_UNDECLARED_SELECTOR = YES;
				GCC_WARN_UNINITIALIZED_AUTOS = YES_AGGRESSIVE;
				GCC_WARN_UNUSED_FUNCTION = YES;
				GCC_WARN_UNUSED_VARIABLE = YES;
				IPHONEOS_DEPLOYMENT_TARGET = 8.1;
				MTL_ENABLE_DEBUG_INFO = NO;
				SDKROOT = iphoneos;
				VALIDATE_PRODUCT = YES;
			};
			name = Release;
		};
		A37244751B430AF8002E3E5D /* Debug */ = {
			isa = XCBuildConfiguration;
			baseConfigurationReference = F0C4A98E07ADC7C87FEDBD20 /* Pods.debug.xcconfig */;
			buildSettings = {
				ASSETCATALOG_COMPILER_APPICON_NAME = AppIcon;
				INFOPLIST_FILE = "01-新闻-YCC/Info.plist";
				LD_RUNPATH_SEARCH_PATHS = "$(inherited) @executable_path/Frameworks";
				PRODUCT_NAME = "$(TARGET_NAME)";
			};
			name = Debug;
		};
		A37244761B430AF8002E3E5D /* Release */ = {
			isa = XCBuildConfiguration;
			baseConfigurationReference = AC81F38B8846870FD3EE2110 /* Pods.release.xcconfig */;
			buildSettings = {
				ASSETCATALOG_COMPILER_APPICON_NAME = AppIcon;
				INFOPLIST_FILE = "01-新闻-YCC/Info.plist";
				LD_RUNPATH_SEARCH_PATHS = "$(inherited) @executable_path/Frameworks";
				PRODUCT_NAME = "$(TARGET_NAME)";
			};
			name = Release;
		};
		A37244781B430AF8002E3E5D /* Debug */ = {
			isa = XCBuildConfiguration;
			buildSettings = {
				BUNDLE_LOADER = "$(TEST_HOST)";
				FRAMEWORK_SEARCH_PATHS = (
					"$(SDKROOT)/Developer/Library/Frameworks",
					"$(inherited)",
				);
				GCC_PREPROCESSOR_DEFINITIONS = (
					"DEBUG=1",
					"$(inherited)",
				);
				INFOPLIST_FILE = "01-新闻-YCCTests/Info.plist";
				LD_RUNPATH_SEARCH_PATHS = "$(inherited) @executable_path/Frameworks @loader_path/Frameworks";
				PRODUCT_NAME = "$(TARGET_NAME)";
				TEST_HOST = "$(BUILT_PRODUCTS_DIR)/01-新闻-YCC.app/01-新闻-YCC";
			};
			name = Debug;
		};
		A37244791B430AF8002E3E5D /* Release */ = {
			isa = XCBuildConfiguration;
			buildSettings = {
				BUNDLE_LOADER = "$(TEST_HOST)";
				FRAMEWORK_SEARCH_PATHS = (
					"$(SDKROOT)/Developer/Library/Frameworks",
					"$(inherited)",
				);
				INFOPLIST_FILE = "01-新闻-YCCTests/Info.plist";
				LD_RUNPATH_SEARCH_PATHS = "$(inherited) @executable_path/Frameworks @loader_path/Frameworks";
				PRODUCT_NAME = "$(TARGET_NAME)";
				TEST_HOST = "$(BUILT_PRODUCTS_DIR)/01-新闻-YCC.app/01-新闻-YCC";
			};
			name = Release;
		};
/* End XCBuildConfiguration section */

/* Begin XCConfigurationList section */
		A372444C1B430AF7002E3E5D /* Build configuration list for PBXProject "01-新闻-YCC" */ = {
			isa = XCConfigurationList;
			buildConfigurations = (
				A37244721B430AF8002E3E5D /* Debug */,
				A37244731B430AF8002E3E5D /* Release */,
			);
			defaultConfigurationIsVisible = 0;
			defaultConfigurationName = Release;
		};
		A37244741B430AF8002E3E5D /* Build configuration list for PBXNativeTarget "01-新闻-YCC" */ = {
			isa = XCConfigurationList;
			buildConfigurations = (
				A37244751B430AF8002E3E5D /* Debug */,
				A37244761B430AF8002E3E5D /* Release */,
			);
			defaultConfigurationIsVisible = 0;
			defaultConfigurationName = Release;
		};
		A37244771B430AF8002E3E5D /* Build configuration list for PBXNativeTarget "01-新闻-YCCTests" */ = {
			isa = XCConfigurationList;
			buildConfigurations = (
				A37244781B430AF8002E3E5D /* Debug */,
				A37244791B430AF8002E3E5D /* Release */,
			);
			defaultConfigurationIsVisible = 0;
			defaultConfigurationName = Release;
		};
/* End XCConfigurationList section */
	};
	rootObject = A37244491B430AF7002E3E5D /* Project object */;
}
